<?xml version="1.0" encoding="utf-8"?>
<Project ToolsVersion="4.0" xmlns="http://schemas.microsoft.com/developer/msbuild/2003">
  <ItemGroup>
    <Filter Include="源文件">
      <UniqueIdentifier>{4FC737F1-C7A5-4376-A066-2A32D752A2FF}</UniqueIdentifier>
      <Extensions>cpp;c;cc;cxx;c++;cppm;ixx;def;odl;idl;hpj;bat;asm;asmx</Extensions>
    </Filter>
    <Filter Include="头文件">
      <UniqueIdentifier>{93995380-89BD-4b04-88EB-625FBE52EBFB}</UniqueIdentifier>
      <Extensions>h;hh;hpp;hxx;h++;hm;inl;inc;ipp;xsd</Extensions>
    </Filter>
    <Filter Include="资源文件">
      <UniqueIdentifier>{67DA6AB6-F800-4c08-8B7A-83BB121AAD01}</UniqueIdentifier>
      <Extensions>rc;ico;cur;bmp;dlg;rc2;rct;bin;rgs;gif;jpg;jpeg;jpe;resx;tiff;tif;png;wav;mfcribbon-ms</Extensions>
    </Filter>
    <Filter Include="头文件\freamwork">
      <UniqueIdentifier>{a7f96ab7-3d55-478e-8584-bff24cf1e6c8}</UniqueIdentifier>
    </Filter>
    <Filter Include="头文件\DeepFrz">
      <UniqueIdentifier>{00552935-aa60-44b1-9ae5-07b77791d4b7}</UniqueIdentifier>
    </Filter>
    <Filter Include="源文件\DeepFrz">
      <UniqueIdentifier>{80f2d2b5-1575-4956-ab50-88d1acbbd970}</UniqueIdentifier>
    </Filter>
    <Filter Include="头文件\Reboot Restart Rx">
      <UniqueIdentifier>{2b9d76c2-1b0d-4337-a119-3719c8545635}</UniqueIdentifier>
    </Filter>
    <Filter Include="源文件\Reboot Restart Rx">
      <UniqueIdentifier>{ef9969a8-1b0f-4d95-bd09-7c3ef5aa4a88}</UniqueIdentifier>
    </Filter>
    <Filter Include="源文件\manifest">
      <UniqueIdentifier>{1a0a956f-9ac1-4a58-b9e9-dd39164b0695}</UniqueIdentifier>
    </Filter>
  </ItemGroup>
  <ItemGroup>
    <ClInclude Include="DeepThaw.h">
      <Filter>头文件</Filter>
    </ClInclude>
    <ClInclude Include="DeepThawDlg.h">
      <Filter>头文件</Filter>
    </ClInclude>
    <ClInclude Include="framework.h">
      <Filter>头文件\freamwork</Filter>
    </ClInclude>
    <ClInclude Include="Resource.h">
      <Filter>头文件\freamwork</Filter>
    </ClInclude>
    <ClInclude Include="InterFace_DeepFrz.h">
      <Filter>头文件\DeepFrz</Filter>
    </ClInclude>
    <ClInclude Include="..\DeepThaw_Kernel\DriverControlCode.h">
      <Filter>头文件</Filter>
    </ClInclude>
    <ClInclude Include="tools.h">
      <Filter>头文件</Filter>
    </ClInclude>
  </ItemGroup>
  <ItemGroup>
    <ClCompile Include="DeepThaw.cpp">
      <Filter>源文件</Filter>
    </ClCompile>
    <ClCompile Include="DeepThawDlg.cpp">
      <Filter>源文件</Filter>
    </ClCompile>
    <ClCompile Include="Interface_DeepFrz.cpp">
      <Filter>源文件\DeepFrz</Filter>
    </ClCompile>
    <ClCompile Include="tools.cpp">
      <Filter>源文件</Filter>
    </ClCompile>
  </ItemGroup>
  <ItemGroup>
    <ResourceCompile Include="DeepThaw.rc">
      <Filter>资源文件</Filter>
    </ResourceCompile>
  </ItemGroup>
  <ItemGroup>
    <None Include="res\DeepThaw.rc2">
      <Filter>资源文件</Filter>
    </None>
  </ItemGroup>
  <ItemGroup>
    <Image Include="res\DeepThaw.ico">
      <Filter>资源文件</Filter>
    </Image>
  </ItemGroup>
  <ItemGroup>
    <Xml Include="DeepThaw.exe.manifest">
      <Filter>源文件\manifest</Filter>
    </Xml>
  </ItemGroup>
</Project>